
Microsoft Visual Studio Solution File, Format Version 12.00
# Visual Studio Version 17
VisualStudioVersion = 17.5.33424.131
MinimumVisualStudioVersion = 10.0.40219.1
Project("{FAE04EC0-301F-11D3-BF4B-00C04F79EFBC}") = "angular-c#-mysql", "angular-c#-mysql\angular-c#-mysql.csproj", "{1B05C648-55DE-4D7F-8848-F6BC0FB9A5C9}"
EndProject
Global
	GlobalSection(SolutionConfigurationPlatforms) = preSolution
		Debug|Any CPU = Debug|Any CPU
		Release|Any CPU = Release|Any CPU
	EndGlobalSection
	GlobalSection(ProjectConfigurationPlatforms) = postSolution
		{1B05C648-55DE-4D7F-8848-F6BC0FB9A5C9}.Debug|Any CPU.ActiveCfg = Debug|Any CPU
		{1B05C648-55DE-4D7F-8848-F6BC0FB9A5C9}.Debug|Any CPU.Build.0 = Debug|Any CPU
		{1B05C648-55DE-4D7F-8848-F6BC0FB9A5C9}.Release|Any CPU.ActiveCfg = Release|Any CPU
		{1B05C648-55DE-4D7F-8848-F6BC0FB9A5C9}.Release|Any CPU.Build.0 = Release|Any CPU
	EndGlobalSection
	GlobalSection(SolutionProperties) = preSolution
		HideSolutionNode = FALSE
	EndGlobalSection
	GlobalSection(ExtensibilityGlobals) = postSolution
		SolutionGuid = {27B97640-F517-4618-B0BB-0240F6E45D64}
	EndGlobalSection
EndGlobal
